
Microsoft Visual Studio Solution File, Format Version 12.00
# Visual Studio Version 16
VisualStudioVersion = 16.0.34301.259
MinimumVisualStudioVersion = 10.0.40219.1
Project("{FAE04EC0-301F-11D3-BF4B-00C04F79EFBC}") = "HospitalManagement", "HospitalManagement\HospitalManagement.csproj", "{69E032C7-4D40-4E8E-9321-B6E6D2675BED}"
EndProject
Global
	GlobalSection(SolutionConfigurationPlatforms) = preSolution
		Debug|Any CPU = Debug|Any CPU
		Release|Any CPU = Release|Any CPU
	EndGlobalSection
	GlobalSection(ProjectConfigurationPlatforms) = postSolution
		{69E032C7-4D40-4E8E-9321-B6E6D2675BED}.Debug|Any CPU.ActiveCfg = Debug|Any CPU
		{69E032C7-4D40-4E8E-9321-B6E6D2675BED}.Debug|Any CPU.Build.0 = Debug|Any CPU
		{69E032C7-4D40-4E8E-9321-B6E6D2675BED}.Release|Any CPU.ActiveCfg = Release|Any CPU
		{69E032C7-4D40-4E8E-9321-B6E6D2675BED}.Release|Any CPU.Build.0 = Release|Any CPU
	EndGlobalSection
	GlobalSection(SolutionProperties) = preSolution
		HideSolutionNode = FALSE
	EndGlobalSection
	GlobalSection(ExtensibilityGlobals) = postSolution
		SolutionGuid = {7559BA28-456E-4455-B8A7-1802E9D3156F}
	EndGlobalSection
EndGlobal
